
Microsoft Visual Studio Solution File, Format Version 12.00
# Visual Studio 15
VisualStudioVersion = 15.0.28307.1062
MinimumVisualStudioVersion = 10.0.40219.1
Project("{9A19103F-16F7-4668-BE54-9A1E7A4F7556}") = "tutorial1", "WebApplication1\tutorial1.csproj", "{FD0C59C7-363E-4E50-985E-5633D53971F1}"
EndProject
Global
	GlobalSection(SolutionConfigurationPlatforms) = preSolution
		Debug|Any CPU = Debug|Any CPU
		Release|Any CPU = Release|Any CPU
	EndGlobalSection
	GlobalSection(ProjectConfigurationPlatforms) = postSolution
		{FD0C59C7-363E-4E50-985E-5633D53971F1}.Debug|Any CPU.ActiveCfg = Debug|Any CPU
		{FD0C59C7-363E-4E50-985E-5633D53971F1}.Debug|Any CPU.Build.0 = Debug|Any CPU
		{FD0C59C7-363E-4E50-985E-5633D53971F1}.Release|Any CPU.ActiveCfg = Release|Any CPU
		{FD0C59C7-363E-4E50-985E-5633D53971F1}.Release|Any CPU.Build.0 = Release|Any CPU
	EndGlobalSection
	GlobalSection(SolutionProperties) = preSolution
		HideSolutionNode = FALSE
	EndGlobalSection
	GlobalSection(ExtensibilityGlobals) = postSolution
		SolutionGuid = {FA594599-8FB5-4BE4-9DBA-C90F10FE1407}
	EndGlobalSection
EndGlobal
